github.com/Microsoft/go-winio v0.6.2 h1:F2VQgta7ecxGYO8k3ZZz3RS8fVIXVxONVUPlNERoyfY=
github.com/Microsoft/go-winio v0.6.2/go.mod h1:yd8OoFMLzJbo9gZq8j5qaps8bJ9aShtEA8Ipt1oGCvU=
github.com/diniamo/glog v0.0.0-20250612150150-d4131bb73095 h1:YuxFakaaB3S195dI63PPaydo+NmJTVhxAagPcVC6Kvg=
github.com/diniamo/glog v0.0.0-20250612150150-d4131bb73095/go.mod h1:ENQWTBCPwUDELX8hYSCXzWX7nSNR6gKxbEVVepAm7CU=
github.com/diniamo/gopv v0.0.0-20250711091147-a6c3fea7e676 h1:Qwh+QMdXHCHFAEWPGA1UFqd1stcCuSD1WFE6vr3ciY8=
github.com/diniamo/gopv v0.0.0-20250711091147-a6c3fea7e676/go.mod h1:+jqp5WYGBM4VWBJWjY8YLxoFC6CAMsiyYf5ElWrcQo0=
github.com/fatih/color v1.18.0 h1:S8gINlzdQ840/4pfAwic/ZE0djQEH3wM94VfqLTZcOM=
github.com/fatih/color v1.18.0/go.mod h1:4FelSpRwEGDpQ12mAdzqdOukCy4u8WUtOY6lkT/6HfU=
github.com/mattn/go-colorable v0.1.14 h1:9A9LHSqF/7dyVVX6g0U9cwm9pG3kP9gSzcuIPHPsaIE=
github.com/mattn/go-colorable v0.1.14/go.mod h1:6LmQG8QLFO4G5z1gPvYEzlUgJ2wF+stgPZH1UqBm1s8=
github.com/mattn/go-isatty v0.0.20 h1:xfD0iDuEKnDkl03q4limB+vH+GxLEtL/jb4xVJSWWEY=
github.com/mattn/go-isatty v0.0.20/go.mod h1:W+V8PltTTMOvKvAeJH7IuucS94S2C6jfK/D7dTCTo3Y=
go.pennock.tech/swallowjson v1.0.2 h1:vkefBIn8GOFMLiLMNU8fEhWAAgiXXtsxsnqqcP7Kszg=
go.pennock.tech/swallowjson v1.0.2/go.mod h1:b6sGbYY+XjsKddYrRT44EJQi6BJCQwW+biJzIONU2xw=
golang.org/x/sys v0.6.0/go.mod h1:oPkhp1MJrh7nUepCBck5+mAzfO9JrbApNNgaTdGDITg=
golang.org/x/sys v0.34.0 h1:H5Y5sJ2L2JRdyv7ROF1he/lPdvFsd0mJHFw2ThKHxLA=
golang.org/x/sys v0.34.0/go.mod h1:BJP2sWEmIv4KK5OTEluFJCKSidICx8ciO85XgH3Ak8k=
